
Microsoft Visual Studio Solution File, Format Version 12.00
# Visual Studio Version 16
VisualStudioVersion = 16.0.30330.147
MinimumVisualStudioVersion = 10.0.40219.1
Project("{2150E333-8FDC-42A3-9474-1A3956D46DE8}") = "Domain", "Domain", "{264E1098-4A07-4203-B0FB-AA39082F4C84}"
EndProject
Project("{2150E333-8FDC-42A3-9474-1A3956D46DE8}") = "Infra.Bus", "Infra.Bus", "{B7FBF069-84FC-4236-B399-A7BADB974D70}"
EndProject
Project("{2150E333-8FDC-42A3-9474-1A3956D46DE8}") = "Infra.LoC", "Infra.LoC", "{37CC1756-78CC-4F83-B4AD-A4279C1E2A45}"
EndProject
Project("{2150E333-8FDC-42A3-9474-1A3956D46DE8}") = "Microservices", "Microservices", "{4F767A35-5256-4C91-88A8-855A19153CDD}"
EndProject
Project("{2150E333-8FDC-42A3-9474-1A3956D46DE8}") = "Presentation", "Presentation", "{E2FBF5EE-68E2-49DE-8B2D-0DB68C070378}"
EndProject
Project("{9A19103F-16F7-4668-BE54-9A1E7A4F7556}") = "MicroRabbit.Domain.Core", "MicroRabbit.Domain.Core\MicroRabbit.Domain.Core.csproj", "{AAB2FBCF-1CC1-43CC-BF10-7A6571E280DD}"
EndProject
Project("{9A19103F-16F7-4668-BE54-9A1E7A4F7556}") = "MicroRabbit.Infra.Bus", "MicroRabbit.Infra.Bus\MicroRabbit.Infra.Bus.csproj", "{950A1E15-3BF8-4598-A3D9-0A714BD30DD8}"
EndProject
Project("{9A19103F-16F7-4668-BE54-9A1E7A4F7556}") = "MicroRabbit.Infra.LoC", "MicroRabbit.Infra.LoC\MicroRabbit.Infra.LoC.csproj", "{753377FD-5732-4BED-8B05-C68F3AE3B895}"
EndProject
Project("{2150E333-8FDC-42A3-9474-1A3956D46DE8}") = "Banking", "Banking", "{9F1653AA-AF5B-4619-BF9B-99C1713C9BC7}"
EndProject
Project("{2150E333-8FDC-42A3-9474-1A3956D46DE8}") = "Api", "Api", "{6A386D5C-25D0-4953-90F3-ECA338D3874E}"
EndProject
Project("{2150E333-8FDC-42A3-9474-1A3956D46DE8}") = "Domain", "Domain", "{ABCB86A6-9EF5-4E0E-962C-E810EA30BB4D}"
EndProject
Project("{2150E333-8FDC-42A3-9474-1A3956D46DE8}") = "Aplication", "Aplication", "{6CDE6FB3-3CC2-486D-B07A-9479D3277208}"
EndProject
Project("{2150E333-8FDC-42A3-9474-1A3956D46DE8}") = "Data", "Data", "{76E402D1-4B37-45E3-AE16-2DCFFE394930}"
EndProject
Project("{9A19103F-16F7-4668-BE54-9A1E7A4F7556}") = "MicroRabbit.Banking.Api", "MicroRabbit.Banking.Api\MicroRabbit.Banking.Api.csproj", "{262BFA88-F9DA-40B7-BFC4-6AFC5A6E9C99}"
EndProject
Project("{9A19103F-16F7-4668-BE54-9A1E7A4F7556}") = "MicroRabbit.Banking.Aplication", "MicroRabbit.Banking.Aplication\MicroRabbit.Banking.Aplication.csproj", "{4B5E6725-6907-4873-B1CA-1823BC29E809}"
EndProject
Project("{9A19103F-16F7-4668-BE54-9A1E7A4F7556}") = "MicroRabbit.Banking.Data", "MicroRabbit.Banking.Data\MicroRabbit.Banking.Data.csproj", "{F7986A14-F62E-4E12-B194-A09BAE32FA9B}"
EndProject
Project("{9A19103F-16F7-4668-BE54-9A1E7A4F7556}") = "MicroRabbit.Banking.Domain", "MicroRabbit.Banking.Domain\MicroRabbit.Banking.Domain.csproj", "{51CFC941-CD0B-4B3A-8E94-72768ECA3F41}"
EndProject
Project("{2150E333-8FDC-42A3-9474-1A3956D46DE8}") = "Transfer", "Transfer", "{AB504B94-1858-42BC-B491-3A20AB529F2F}"
EndProject
Project("{2150E333-8FDC-42A3-9474-1A3956D46DE8}") = "Api", "Api", "{44CE486E-44B1-42A2-AFD5-C6342D6A0EFA}"
EndProject
Project("{2150E333-8FDC-42A3-9474-1A3956D46DE8}") = "Aplication", "Aplication", "{588C680A-32B3-464A-A583-F4999FADE153}"
EndProject
Project("{2150E333-8FDC-42A3-9474-1A3956D46DE8}") = "Data", "Data", "{8DA5D0FB-0C52-4E7B-AD94-5E1BC53D4BA2}"
EndProject
Project("{2150E333-8FDC-42A3-9474-1A3956D46DE8}") = "Domain", "Domain", "{0F6C09D6-82D0-4B64-8652-859E4CEC5438}"
EndProject
Project("{9A19103F-16F7-4668-BE54-9A1E7A4F7556}") = "MicroRabbit.Transfer.Api", "MicroRabbit.Transfer.Api\MicroRabbit.Transfer.Api.csproj", "{A0768728-6994-4CBE-A3FB-DFF11B881E29}"
EndProject
Project("{9A19103F-16F7-4668-BE54-9A1E7A4F7556}") = "MicroRabbit.Transfer.Aplication", "MicroRabbit.Transfer.Aplication\MicroRabbit.Transfer.Aplication.csproj", "{386E95EE-3CC4-459A-83CD-C62D96914D4C}"
EndProject
Project("{9A19103F-16F7-4668-BE54-9A1E7A4F7556}") = "MicroRabbit.Transfer.Data", "MicroRabbit.Transfer.Data\MicroRabbit.Transfer.Data.csproj", "{6A1F8E39-FC52-4D53-84CA-0FFE43ECF5EB}"
EndProject
Project("{9A19103F-16F7-4668-BE54-9A1E7A4F7556}") = "MicroRabbit.Transfer.Domain", "MicroRabbit.Transfer.Domain\MicroRabbit.Transfer.Domain.csproj", "{00A6F3F1-464B-4DAC-A632-835EAADC017E}"
EndProject
Project("{FAE04EC0-301F-11D3-BF4B-00C04F79EFBC}") = "MicroRabbit.MVC", "MicroRabbit.MVC\MicroRabbit.MVC.csproj", "{BD1860A4-A744-4C39-84D7-10A5D1A746E2}"
EndProject
Global
	GlobalSection(SolutionConfigurationPlatforms) = preSolution
		Debug|Any CPU = Debug|Any CPU
		Release|Any CPU = Release|Any CPU
	EndGlobalSection
	GlobalSection(ProjectConfigurationPlatforms) = postSolution
		{AAB2FBCF-1CC1-43CC-BF10-7A6571E280DD}.Debug|Any CPU.ActiveCfg = Debug|Any CPU
		{AAB2FBCF-1CC1-43CC-BF10-7A6571E280DD}.Debug|Any CPU.Build.0 = Debug|Any CPU
		{AAB2FBCF-1CC1-43CC-BF10-7A6571E280DD}.Release|Any CPU.ActiveCfg = Release|Any CPU
		{AAB2FBCF-1CC1-43CC-BF10-7A6571E280DD}.Release|Any CPU.Build.0 = Release|Any CPU
		{950A1E15-3BF8-4598-A3D9-0A714BD30DD8}.Debug|Any CPU.ActiveCfg = Debug|Any CPU
		{950A1E15-3BF8-4598-A3D9-0A714BD30DD8}.Debug|Any CPU.Build.0 = Debug|Any CPU
		{950A1E15-3BF8-4598-A3D9-0A714BD30DD8}.Release|Any CPU.ActiveCfg = Release|Any CPU
		{950A1E15-3BF8-4598-A3D9-0A714BD30DD8}.Release|Any CPU.Build.0 = Release|Any CPU
		{753377FD-5732-4BED-8B05-C68F3AE3B895}.Debug|Any CPU.ActiveCfg = Debug|Any CPU
		{753377FD-5732-4BED-8B05-C68F3AE3B895}.Debug|Any CPU.Build.0 = Debug|Any CPU
		{753377FD-5732-4BED-8B05-C68F3AE3B895}.Release|Any CPU.ActiveCfg = Release|Any CPU
		{753377FD-5732-4BED-8B05-C68F3AE3B895}.Release|Any CPU.Build.0 = Release|Any CPU
		{262BFA88-F9DA-40B7-BFC4-6AFC5A6E9C99}.Debug|Any CPU.ActiveCfg = Debug|Any CPU
		{262BFA88-F9DA-40B7-BFC4-6AFC5A6E9C99}.Debug|Any CPU.Build.0 = Debug|Any CPU
		{262BFA88-F9DA-40B7-BFC4-6AFC5A6E9C99}.Release|Any CPU.ActiveCfg = Release|Any CPU
		{262BFA88-F9DA-40B7-BFC4-6AFC5A6E9C99}.Release|Any CPU.Build.0 = Release|Any CPU
		{4B5E6725-6907-4873-B1CA-1823BC29E809}.Debug|Any CPU.ActiveCfg = Debug|Any CPU
		{4B5E6725-6907-4873-B1CA-1823BC29E809}.Debug|Any CPU.Build.0 = Debug|Any CPU
		{4B5E6725-6907-4873-B1CA-1823BC29E809}.Release|Any CPU.ActiveCfg = Release|Any CPU
		{4B5E6725-6907-4873-B1CA-1823BC29E809}.Release|Any CPU.Build.0 = Release|Any CPU
		{F7986A14-F62E-4E12-B194-A09BAE32FA9B}.Debug|Any CPU.ActiveCfg = Debug|Any CPU
		{F7986A14-F62E-4E12-B194-A09BAE32FA9B}.Debug|Any CPU.Build.0 = Debug|Any CPU
		{F7986A14-F62E-4E12-B194-A09BAE32FA9B}.Release|Any CPU.ActiveCfg = Release|Any CPU
		{F7986A14-F62E-4E12-B194-A09BAE32FA9B}.Release|Any CPU.Build.0 = Release|Any CPU
		{51CFC941-CD0B-4B3A-8E94-72768ECA3F41}.Debug|Any CPU.ActiveCfg = Debug|Any CPU
		{51CFC941-CD0B-4B3A-8E94-72768ECA3F41}.Debug|Any CPU.Build.0 = Debug|Any CPU
		{51CFC941-CD0B-4B3A-8E94-72768ECA3F41}.Release|Any CPU.ActiveCfg = Release|Any CPU
		{51CFC941-CD0B-4B3A-8E94-72768ECA3F41}.Release|Any CPU.Build.0 = Release|Any CPU
		{A0768728-6994-4CBE-A3FB-DFF11B881E29}.Debug|Any CPU.ActiveCfg = Debug|Any CPU
		{A0768728-6994-4CBE-A3FB-DFF11B881E29}.Debug|Any CPU.Build.0 = Debug|Any CPU
		{A0768728-6994-4CBE-A3FB-DFF11B881E29}.Release|Any CPU.ActiveCfg = Release|Any CPU
		{A0768728-6994-4CBE-A3FB-DFF11B881E29}.Release|Any CPU.Build.0 = Release|Any CPU
		{386E95EE-3CC4-459A-83CD-C62D96914D4C}.Debug|Any CPU.ActiveCfg = Debug|Any CPU
		{386E95EE-3CC4-459A-83CD-C62D96914D4C}.Debug|Any CPU.Build.0 = Debug|Any CPU
		{386E95EE-3CC4-459A-83CD-C62D96914D4C}.Release|Any CPU.ActiveCfg = Release|Any CPU
		{386E95EE-3CC4-459A-83CD-C62D96914D4C}.Release|Any CPU.Build.0 = Release|Any CPU
		{6A1F8E39-FC52-4D53-84CA-0FFE43ECF5EB}.Debug|Any CPU.ActiveCfg = Debug|Any CPU
		{6A1F8E39-FC52-4D53-84CA-0FFE43ECF5EB}.Debug|Any CPU.Build.0 = Debug|Any CPU
		{6A1F8E39-FC52-4D53-84CA-0FFE43ECF5EB}.Release|Any CPU.ActiveCfg = Release|Any CPU
		{6A1F8E39-FC52-4D53-84CA-0FFE43ECF5EB}.Release|Any CPU.Build.0 = Release|Any CPU
		{00A6F3F1-464B-4DAC-A632-835EAADC017E}.Debug|Any CPU.ActiveCfg = Debug|Any CPU
		{00A6F3F1-464B-4DAC-A632-835EAADC017E}.Debug|Any CPU.Build.0 = Debug|Any CPU
		{00A6F3F1-464B-4DAC-A632-835EAADC017E}.Release|Any CPU.ActiveCfg = Release|Any CPU
		{00A6F3F1-464B-4DAC-A632-835EAADC017E}.Release|Any CPU.Build.0 = Release|Any CPU
		{BD1860A4-A744-4C39-84D7-10A5D1A746E2}.Debug|Any CPU.ActiveCfg = Debug|Any CPU
		{BD1860A4-A744-4C39-84D7-10A5D1A746E2}.Debug|Any CPU.Build.0 = Debug|Any CPU
		{BD1860A4-A744-4C39-84D7-10A5D1A746E2}.Release|Any CPU.ActiveCfg = Release|Any CPU
		{BD1860A4-A744-4C39-84D7-10A5D1A746E2}.Release|Any CPU.Build.0 = Release|Any CPU
	EndGlobalSection
	GlobalSection(SolutionProperties) = preSolution
		HideSolutionNode = FALSE
	EndGlobalSection
	GlobalSection(NestedProjects) = preSolution
		{AAB2FBCF-1CC1-43CC-BF10-7A6571E280DD} = {264E1098-4A07-4203-B0FB-AA39082F4C84}
		{950A1E15-3BF8-4598-A3D9-0A714BD30DD8} = {B7FBF069-84FC-4236-B399-A7BADB974D70}
		{753377FD-5732-4BED-8B05-C68F3AE3B895} = {37CC1756-78CC-4F83-B4AD-A4279C1E2A45}
		{9F1653AA-AF5B-4619-BF9B-99C1713C9BC7} = {4F767A35-5256-4C91-88A8-855A19153CDD}
		{6A386D5C-25D0-4953-90F3-ECA338D3874E} = {9F1653AA-AF5B-4619-BF9B-99C1713C9BC7}
		{ABCB86A6-9EF5-4E0E-962C-E810EA30BB4D} = {9F1653AA-AF5B-4619-BF9B-99C1713C9BC7}
		{6CDE6FB3-3CC2-486D-B07A-9479D3277208} = {9F1653AA-AF5B-4619-BF9B-99C1713C9BC7}
		{76E402D1-4B37-45E3-AE16-2DCFFE394930} = {9F1653AA-AF5B-4619-BF9B-99C1713C9BC7}
		{262BFA88-F9DA-40B7-BFC4-6AFC5A6E9C99} = {6A386D5C-25D0-4953-90F3-ECA338D3874E}
		{4B5E6725-6907-4873-B1CA-1823BC29E809} = {6CDE6FB3-3CC2-486D-B07A-9479D3277208}
		{F7986A14-F62E-4E12-B194-A09BAE32FA9B} = {76E402D1-4B37-45E3-AE16-2DCFFE394930}
		{51CFC941-CD0B-4B3A-8E94-72768ECA3F41} = {ABCB86A6-9EF5-4E0E-962C-E810EA30BB4D}
		{AB504B94-1858-42BC-B491-3A20AB529F2F} = {4F767A35-5256-4C91-88A8-855A19153CDD}
		{44CE486E-44B1-42A2-AFD5-C6342D6A0EFA} = {AB504B94-1858-42BC-B491-3A20AB529F2F}
		{588C680A-32B3-464A-A583-F4999FADE153} = {AB504B94-1858-42BC-B491-3A20AB529F2F}
		{8DA5D0FB-0C52-4E7B-AD94-5E1BC53D4BA2} = {AB504B94-1858-42BC-B491-3A20AB529F2F}
		{0F6C09D6-82D0-4B64-8652-859E4CEC5438} = {AB504B94-1858-42BC-B491-3A20AB529F2F}
		{A0768728-6994-4CBE-A3FB-DFF11B881E29} = {44CE486E-44B1-42A2-AFD5-C6342D6A0EFA}
		{386E95EE-3CC4-459A-83CD-C62D96914D4C} = {588C680A-32B3-464A-A583-F4999FADE153}
		{6A1F8E39-FC52-4D53-84CA-0FFE43ECF5EB} = {8DA5D0FB-0C52-4E7B-AD94-5E1BC53D4BA2}
		{00A6F3F1-464B-4DAC-A632-835EAADC017E} = {0F6C09D6-82D0-4B64-8652-859E4CEC5438}
		{BD1860A4-A744-4C39-84D7-10A5D1A746E2} = {E2FBF5EE-68E2-49DE-8B2D-0DB68C070378}
	EndGlobalSection
	GlobalSection(ExtensibilityGlobals) = postSolution
		SolutionGuid = {7770BA7E-BA5F-4227-9370-8D5760AF5EE5}
	EndGlobalSection
EndGlobal
